
Microsoft Visual Studio Solution File, Format Version 12.00
# Visual Studio Version 16
VisualStudioVersion = 16.0.30804.86
MinimumVisualStudioVersion = 10.0.40219.1
Project("{F184B08F-C81C-45F6-A57F-5ABD9991F28F}") = "電卓２", "電卓２\電卓２.vbproj", "{F82B01F7-B57F-44A8-B3AA-D49C32994B0D}"
EndProject
Global
	GlobalSection(SolutionConfigurationPlatforms) = preSolution
		Debug|Any CPU = Debug|Any CPU
		Release|Any CPU = Release|Any CPU
	EndGlobalSection
	GlobalSection(ProjectConfigurationPlatforms) = postSolution
		{F82B01F7-B57F-44A8-B3AA-D49C32994B0D}.Debug|Any CPU.ActiveCfg = Debug|Any CPU
		{F82B01F7-B57F-44A8-B3AA-D49C32994B0D}.Debug|Any CPU.Build.0 = Debug|Any CPU
		{F82B01F7-B57F-44A8-B3AA-D49C32994B0D}.Release|Any CPU.ActiveCfg = Release|Any CPU
		{F82B01F7-B57F-44A8-B3AA-D49C32994B0D}.Release|Any CPU.Build.0 = Release|Any CPU
	EndGlobalSection
	GlobalSection(SolutionProperties) = preSolution
		HideSolutionNode = FALSE
	EndGlobalSection
	GlobalSection(ExtensibilityGlobals) = postSolution
		SolutionGuid = {E3FCC434-5A06-4452-A5C2-9B78C3198893}
	EndGlobalSection
EndGlobal
